
Microsoft Visual Studio Solution File, Format Version 12.00
# Visual Studio 14
VisualStudioVersion = 14.0.25420.1
MinimumVisualStudioVersion = 10.0.40219.1
Project("{8BB2217D-0F2D-49D1-97BC-3654ED321F3B}") = "Dapper.Contrib.Tests", "Dapper.Contrib.philn5d\Dapper.Contrib.Tests.xproj", "{6D5ED224-FF84-4E05-8234-86BE387AB418}"
EndProject
Project("{8BB2217D-0F2D-49D1-97BC-3654ED321F3B}") = "Dapper.Contrib", "Dapper.Contrib\Dapper.Contrib.xproj", "{012E1E70-D1A1-4125-8E8C-3E41F42F78E8}"
EndProject
Global
	GlobalSection(SolutionConfigurationPlatforms) = preSolution
		Debug|Any CPU = Debug|Any CPU
		Release|Any CPU = Release|Any CPU
	EndGlobalSection
	GlobalSection(ProjectConfigurationPlatforms) = postSolution
		{6D5ED224-FF84-4E05-8234-86BE387AB418}.Debug|Any CPU.ActiveCfg = Debug|Any CPU
		{6D5ED224-FF84-4E05-8234-86BE387AB418}.Debug|Any CPU.Build.0 = Debug|Any CPU
		{6D5ED224-FF84-4E05-8234-86BE387AB418}.Release|Any CPU.ActiveCfg = Release|Any CPU
		{6D5ED224-FF84-4E05-8234-86BE387AB418}.Release|Any CPU.Build.0 = Release|Any CPU
		{012E1E70-D1A1-4125-8E8C-3E41F42F78E8}.Debug|Any CPU.ActiveCfg = Debug|Any CPU
		{012E1E70-D1A1-4125-8E8C-3E41F42F78E8}.Debug|Any CPU.Build.0 = Debug|Any CPU
		{012E1E70-D1A1-4125-8E8C-3E41F42F78E8}.Release|Any CPU.ActiveCfg = Release|Any CPU
		{012E1E70-D1A1-4125-8E8C-3E41F42F78E8}.Release|Any CPU.Build.0 = Release|Any CPU
	EndGlobalSection
	GlobalSection(SolutionProperties) = preSolution
		HideSolutionNode = FALSE
	EndGlobalSection
EndGlobal
